// !$*UTF8*$!
{
	archiveVersion = 1;
	classes = {
	};
	objectVersion = 56;
	objects = {

/* Begin PBXBuildFile section */
		A1173559297E63C5004338BA /* AppDelegate.swift in Sources */ = {isa = PBXBuildFile; fileRef = A1173558297E63C5004338BA /* AppDelegate.swift */; };
		A117355B297E63C5004338BA /* SceneDelegate.swift in Sources */ = {isa = PBXBuildFile; fileRef = A117355A297E63C5004338BA /* SceneDelegate.swift */; };
		A117355D297E63C5004338BA /* IntroViewController.swift in Sources */ = {isa = PBXBuildFile; fileRef = A117355C297E63C5004338BA /* IntroViewController.swift */; };
		A1173560297E63C5004338BA /* Introduction.storyboard in Resources */ = {isa = PBXBuildFile; fileRef = A117355E297E63C5004338BA /* Introduction.storyboard */; };
		A1173562297E63C6004338BA /* Assets.xcassets in Resources */ = {isa = PBXBuildFile; fileRef = A1173561297E63C6004338BA /* Assets.xcassets */; };
		A1173565297E63C6004338BA /* LaunchScreen.storyboard in Resources */ = {isa = PBXBuildFile; fileRef = A1173563297E63C6004338BA /* LaunchScreen.storyboard */; };
		A117356D297E642F004338BA /* Login.storyboard in Resources */ = {isa = PBXBuildFile; fileRef = A117356C297E642F004338BA /* Login.storyboard */; };
		A13C3F5C2980DC0C00D15496 /* MainTabBar.storyboard in Resources */ = {isa = PBXBuildFile; fileRef = A13C3F5B2980DC0C00D15496 /* MainTabBar.storyboard */; };
		A13C3F5F2980DC9600D15496 /* SettingsViewController.swift in Sources */ = {isa = PBXBuildFile; fileRef = A13C3F5E2980DC9600D15496 /* SettingsViewController.swift */; };
		A15313C02980DDAF00268863 /* BaseViewController.swift in Sources */ = {isa = PBXBuildFile; fileRef = A15313BF2980DDAF00268863 /* BaseViewController.swift */; };
		A15313C22980DDFE00268863 /* UsersViewController.swift in Sources */ = {isa = PBXBuildFile; fileRef = A15313C12980DDFE00268863 /* UsersViewController.swift */; };
		A15313C42980DE1100268863 /* FavoritesViewController.swift in Sources */ = {isa = PBXBuildFile; fileRef = A15313C32980DE1100268863 /* FavoritesViewController.swift */; };
		A1687D2529803D7200110690 /* LoginViewController.swift in Sources */ = {isa = PBXBuildFile; fileRef = A1687D2429803D7200110690 /* LoginViewController.swift */; };
		A1687D2729803EF900110690 /* UserManager.swift in Sources */ = {isa = PBXBuildFile; fileRef = A1687D2629803EF900110690 /* UserManager.swift */; };
		A17860C829822E3100237F97 /* User.swift in Sources */ = {isa = PBXBuildFile; fileRef = A17860C729822E3100237F97 /* User.swift */; };
		A17860CA29822E3E00237F97 /* UserLoader.swift in Sources */ = {isa = PBXBuildFile; fileRef = A17860C929822E3E00237F97 /* UserLoader.swift */; };
		A17860CC29822E4E00237F97 /* StubbedUserLoader.swift in Sources */ = {isa = PBXBuildFile; fileRef = A17860CB29822E4E00237F97 /* StubbedUserLoader.swift */; };
		A17860CE29822E8A00237F97 /* AnalyticsService.swift in Sources */ = {isa = PBXBuildFile; fileRef = A17860CD29822E8A00237F97 /* AnalyticsService.swift */; };
/* End PBXBuildFile section */

/* Begin PBXFileReference section */
		A1173555297E63C5004338BA /* CodeReview.app */ = {isa = PBXFileReference; explicitFileType = wrapper.application; includeInIndex = 0; path = CodeReview.app; sourceTree = BUILT_PRODUCTS_DIR; };
		A1173558297E63C5004338BA /* AppDelegate.swift */ = {isa = PBXFileReference; lastKnownFileType = sourcecode.swift; path = AppDelegate.swift; sourceTree = "<group>"; };
		A117355A297E63C5004338BA /* SceneDelegate.swift */ = {isa = PBXFileReference; lastKnownFileType = sourcecode.swift; path = SceneDelegate.swift; sourceTree = "<group>"; };
		A117355C297E63C5004338BA /* IntroViewController.swift */ = {isa = PBXFileReference; lastKnownFileType = sourcecode.swift; path = IntroViewController.swift; sourceTree = "<group>"; };
		A117355F297E63C5004338BA /* Base */ = {isa = PBXFileReference; lastKnownFileType = file.storyboard; name = Base; path = Base.lproj/Introduction.storyboard; sourceTree = "<group>"; };
		A1173561297E63C6004338BA /* Assets.xcassets */ = {isa = PBXFileReference; lastKnownFileType = folder.assetcatalog; path = Assets.xcassets; sourceTree = "<group>"; };
		A1173564297E63C6004338BA /* Base */ = {isa = PBXFileReference; lastKnownFileType = file.storyboard; name = Base; path = Base.lproj/LaunchScreen.storyboard; sourceTree = "<group>"; };
		A1173566297E63C6004338BA /* Info.plist */ = {isa = PBXFileReference; lastKnownFileType = text.plist.xml; path = Info.plist; sourceTree = "<group>"; };
		A117356C297E642F004338BA /* Login.storyboard */ = {isa = PBXFileReference; lastKnownFileType = file.storyboard; path = Login.storyboard; sourceTree = "<group>"; };
		A13C3F5B2980DC0C00D15496 /* MainTabBar.storyboard */ = {isa = PBXFileReference; lastKnownFileType = file.storyboard; path = MainTabBar.storyboard; sourceTree = "<group>"; };
		A13C3F5E2980DC9600D15496 /* SettingsViewController.swift */ = {isa = PBXFileReference; lastKnownFileType = sourcecode.swift; path = SettingsViewController.swift; sourceTree = "<group>"; };
		A15313BF2980DDAF00268863 /* BaseViewController.swift */ = {isa = PBXFileReference; lastKnownFileType = sourcecode.swift; path = BaseViewController.swift; sourceTree = "<group>"; };
		A15313C12980DDFE00268863 /* UsersViewController.swift */ = {isa = PBXFileReference; lastKnownFileType = sourcecode.swift; path = UsersViewController.swift; sourceTree = "<group>"; };
		A15313C32980DE1100268863 /* FavoritesViewController.swift */ = {isa = PBXFileReference; lastKnownFileType = sourcecode.swift; path = FavoritesViewController.swift; sourceTree = "<group>"; };
		A1687D2429803D7200110690 /* LoginViewController.swift */ = {isa = PBXFileReference; lastKnownFileType = sourcecode.swift; path = LoginViewController.swift; sourceTree = "<group>"; };
		A1687D2629803EF900110690 /* UserManager.swift */ = {isa = PBXFileReference; lastKnownFileType = sourcecode.swift; path = UserManager.swift; sourceTree = "<group>"; };
		A17860C729822E3100237F97 /* User.swift */ = {isa = PBXFileReference; lastKnownFileType = sourcecode.swift; path = User.swift; sourceTree = "<group>"; };
		A17860C929822E3E00237F97 /* UserLoader.swift */ = {isa = PBXFileReference; lastKnownFileType = sourcecode.swift; path = UserLoader.swift; sourceTree = "<group>"; };
		A17860CB29822E4E00237F97 /* StubbedUserLoader.swift */ = {isa = PBXFileReference; lastKnownFileType = sourcecode.swift; path = StubbedUserLoader.swift; sourceTree = "<group>"; };
		A17860CD29822E8A00237F97 /* AnalyticsService.swift */ = {isa = PBXFileReference; lastKnownFileType = sourcecode.swift; path = AnalyticsService.swift; sourceTree = "<group>"; };
/* End PBXFileReference section */

/* Begin PBXFrameworksBuildPhase section */
		A1173552297E63C5004338BA /* Frameworks */ = {
			isa = PBXFrameworksBuildPhase;
			buildActionMask = 2147483647;
			files = (
			);
			runOnlyForDeploymentPostprocessing = 0;
		};
/* End PBXFrameworksBuildPhase section */

/* Begin PBXGroup section */
		A10E86842980DBB40012D75C /* Intro */ = {
			isa = PBXGroup;
			children = (
				A117355C297E63C5004338BA /* IntroViewController.swift */,
				A117355E297E63C5004338BA /* Introduction.storyboard */,
			);
			path = Intro;
			sourceTree = "<group>";
		};
		A10E86852980DBBF0012D75C /* Login */ = {
			isa = PBXGroup;
			children = (
				A117356C297E642F004338BA /* Login.storyboard */,
				A1687D2429803D7200110690 /* LoginViewController.swift */,
			);
			path = Login;
			sourceTree = "<group>";
		};
		A117354C297E63C5004338BA = {
			isa = PBXGroup;
			children = (
				A1173557297E63C5004338BA /* CodeReview */,
				A1173556297E63C5004338BA /* Products */,
			);
			sourceTree = "<group>";
		};
		A1173556297E63C5004338BA /* Products */ = {
			isa = PBXGroup;
			children = (
				A1173555297E63C5004338BA /* CodeReview.app */,
			);
			name = Products;
			sourceTree = "<group>";
		};
		A1173557297E63C5004338BA /* CodeReview */ = {
			isa = PBXGroup;
			children = (
				A1173558297E63C5004338BA /* AppDelegate.swift */,
				A117355A297E63C5004338BA /* SceneDelegate.swift */,
				A1687D2629803EF900110690 /* UserManager.swift */,
				A17860CD29822E8A00237F97 /* AnalyticsService.swift */,
				A10E86842980DBB40012D75C /* Intro */,
				A10E86852980DBBF0012D75C /* Login */,
				A1173561297E63C6004338BA /* Assets.xcassets */,
				A1173563297E63C6004338BA /* LaunchScreen.storyboard */,
				A13C3F5D2980DC7B00D15496 /* Main Tab */,
				A1173566297E63C6004338BA /* Info.plist */,
			);
			path = CodeReview;
			sourceTree = "<group>";
		};
		A13C3F5D2980DC7B00D15496 /* Main Tab */ = {
			isa = PBXGroup;
			children = (
				A13C3F5B2980DC0C00D15496 /* MainTabBar.storyboard */,
				A15313C32980DE1100268863 /* FavoritesViewController.swift */,
				A13C3F5E2980DC9600D15496 /* SettingsViewController.swift */,
				A17860C629822E2A00237F97 /* Users */,
				A15313BF2980DDAF00268863 /* BaseViewController.swift */,
			);
			path = "Main Tab";
			sourceTree = "<group>";
		};
		A17860C629822E2A00237F97 /* Users */ = {
			isa = PBXGroup;
			children = (
				A15313C12980DDFE00268863 /* UsersViewController.swift */,
				A17860CB29822E4E00237F97 /* StubbedUserLoader.swift */,
				A17860C729822E3100237F97 /* User.swift */,
				A17860C929822E3E00237F97 /* UserLoader.swift */,
			);
			path = Users;
			sourceTree = "<group>";
		};
/* End PBXGroup section */

/* Begin PBXNativeTarget section */
		A1173554297E63C5004338BA /* CodeReview */ = {
			isa = PBXNativeTarget;
			buildConfigurationList = A1173569297E63C6004338BA /* Build configuration list for PBXNativeTarget "CodeReview" */;
			buildPhases = (
				A1173551297E63C5004338BA /* Sources */,
				A1173552297E63C5004338BA /* Frameworks */,
				A1173553297E63C5004338BA /* Resources */,
			);
			buildRules = (
			);
			dependencies = (
			);
			name = CodeReview;
			productName = CodeReview;
			productReference = A1173555297E63C5004338BA /* CodeReview.app */;
			productType = "com.apple.product-type.application";
		};
/* End PBXNativeTarget section */

/* Begin PBXProject section */
		A117354D297E63C5004338BA /* Project object */ = {
			isa = PBXProject;
			attributes = {
				BuildIndependentTargetsInParallel = 1;
				LastSwiftUpdateCheck = 1420;
				LastUpgradeCheck = 1420;
				TargetAttributes = {
					A1173554297E63C5004338BA = {
						CreatedOnToolsVersion = 14.2;
					};
				};
			};
			buildConfigurationList = A1173550297E63C5004338BA /* Build configuration list for PBXProject "CodeReview" */;
			compatibilityVersion = "Xcode 14.0";
			developmentRegion = en;
			hasScannedForEncodings = 0;
			knownRegions = (
				en,
				Base,
			);
			mainGroup = A117354C297E63C5004338BA;
			productRefGroup = A1173556297E63C5004338BA /* Products */;
			projectDirPath = "";
			projectRoot = "";
			targets = (
				A1173554297E63C5004338BA /* CodeReview */,
			);
		};
/* End PBXProject section */

/* Begin PBXResourcesBuildPhase section */
		A1173553297E63C5004338BA /* Resources */ = {
			isa = PBXResourcesBuildPhase;
			buildActionMask = 2147483647;
			files = (
				A117356D297E642F004338BA /* Login.storyboard in Resources */,
				A13C3F5C2980DC0C00D15496 /* MainTabBar.storyboard in Resources */,
				A1173565297E63C6004338BA /* LaunchScreen.storyboard in Resources */,
				A1173562297E63C6004338BA /* Assets.xcassets in Resources */,
				A1173560297E63C5004338BA /* Introduction.storyboard in Resources */,
			);
			runOnlyForDeploymentPostprocessing = 0;
		};
/* End PBXResourcesBuildPhase section */

/* Begin PBXSourcesBuildPhase section */
		A1173551297E63C5004338BA /* Sources */ = {
			isa = PBXSourcesBuildPhase;
			buildActionMask = 2147483647;
			files = (
				A1687D2529803D7200110690 /* LoginViewController.swift in Sources */,
				A17860CE29822E8A00237F97 /* AnalyticsService.swift in Sources */,
				A15313C42980DE1100268863 /* FavoritesViewController.swift in Sources */,
				A117355D297E63C5004338BA /* IntroViewController.swift in Sources */,
				A1173559297E63C5004338BA /* AppDelegate.swift in Sources */,
				A1687D2729803EF900110690 /* UserManager.swift in Sources */,
				A15313C02980DDAF00268863 /* BaseViewController.swift in Sources */,
				A15313C22980DDFE00268863 /* UsersViewController.swift in Sources */,
				A117355B297E63C5004338BA /* SceneDelegate.swift in Sources */,
				A17860C829822E3100237F97 /* User.swift in Sources */,
				A17860CC29822E4E00237F97 /* StubbedUserLoader.swift in Sources */,
				A13C3F5F2980DC9600D15496 /* SettingsViewController.swift in Sources */,
				A17860CA29822E3E00237F97 /* UserLoader.swift in Sources */,
			);
			runOnlyForDeploymentPostprocessing = 0;
		};
/* End PBXSourcesBuildPhase section */

/* Begin PBXVariantGroup section */
		A117355E297E63C5004338BA /* Introduction.storyboard */ = {
			isa = PBXVariantGroup;
			children = (
				A117355F297E63C5004338BA /* Base */,
			);
			name = Introduction.storyboard;
			sourceTree = "<group>";
		};
		A1173563297E63C6004338BA /* LaunchScreen.storyboard */ = {
			isa = PBXVariantGroup;
			children = (
				A1173564297E63C6004338BA /* Base */,
			);
			name = LaunchScreen.storyboard;
			sourceTree = "<group>";
		};
/* End PBXVariantGroup section */

/* Begin XCBuildConfiguration section */
		A1173567297E63C6004338BA /* Debug */ = {
			isa = XCBuildConfiguration;
			buildSettings = {
				ALWAYS_SEARCH_USER_PATHS = NO;
				CLANG_ANALYZER_NONNULL = YES;
				CLANG_ANALYZER_NUMBER_OBJECT_CONVERSION = YES_AGGRESSIVE;
				CLANG_CXX_LANGUAGE_STANDARD = "gnu++20";
				CLANG_ENABLE_MODULES = YES;
				CLANG_ENABLE_OBJC_ARC = YES;
				CLANG_ENABLE_OBJC_WEAK = YES;
				CLANG_WARN_BLOCK_CAPTURE_AUTORELEASING = YES;
				CLANG_WARN_BOOL_CONVERSION = YES;
				CLANG_WARN_COMMA = YES;
				CLANG_WARN_CONSTANT_CONVERSION = YES;
				CLANG_WARN_DEPRECATED_OBJC_IMPLEMENTATIONS = YES;
				CLANG_WARN_DIRECT_OBJC_ISA_USAGE = YES_ERROR;
				CLANG_WARN_DOCUMENTATION_COMMENTS = YES;
				CLANG_WARN_EMPTY_BODY = YES;
				CLANG_WARN_ENUM_CONVERSION = YES;
				CLANG_WARN_INFINITE_RECURSION = YES;
				CLANG_WARN_INT_CONVERSION = YES;
				CLANG_WARN_NON_LITERAL_NULL_CONVERSION = YES;
				CLANG_WARN_OBJC_IMPLICIT_RETAIN_SELF = YES;
				CLANG_WARN_OBJC_LITERAL_CONVERSION = YES;
				CLANG_WARN_OBJC_ROOT_CLASS = YES_ERROR;
				CLANG_WARN_QUOTED_INCLUDE_IN_FRAMEWORK_HEADER = YES;
				CLANG_WARN_RANGE_LOOP_ANALYSIS = YES;
				CLANG_WARN_STRICT_PROTOTYPES = YES;
				CLANG_WARN_SUSPICIOUS_MOVE = YES;
				CLANG_WARN_UNGUARDED_AVAILABILITY = YES_AGGRESSIVE;
				CLANG_WARN_UNREACHABLE_CODE = YES;
				CLANG_WARN__DUPLICATE_METHOD_MATCH = YES;
				COPY_PHASE_STRIP = NO;
				DEBUG_INFORMATION_FORMAT = dwarf;
				ENABLE_STRICT_OBJC_MSGSEND = YES;
				ENABLE_TESTABILITY = YES;
				GCC_C_LANGUAGE_STANDARD = gnu11;
				GCC_DYNAMIC_NO_PIC = NO;
				GCC_NO_COMMON_BLOCKS = YES;
				GCC_OPTIMIZATION_LEVEL = 0;
				GCC_PREPROCESSOR_DEFINITIONS = (
					"DEBUG=1",
					"$(inherited)",
				);
				GCC_WARN_64_TO_32_BIT_CONVERSION = YES;
				GCC_WARN_ABOUT_RETURN_TYPE = YES_ERROR;
				GCC_WARN_UNDECLARED_SELECTOR = YES;
				GCC_WARN_UNINITIALIZED_AUTOS = YES_AGGRESSIVE;
				GCC_WARN_UNUSED_FUNCTION = YES;
				GCC_WARN_UNUSED_VARIABLE = YES;
				IPHONEOS_DEPLOYMENT_TARGET = 16.2;
				MTL_ENABLE_DEBUG_INFO = INCLUDE_SOURCE;
				MTL_FAST_MATH = YES;
				ONLY_ACTIVE_ARCH = YES;
				SDKROOT = iphoneos;
				SWIFT_ACTIVE_COMPILATION_CONDITIONS = DEBUG;
				SWIFT_OPTIMIZATION_LEVEL = "-Onone";
			};
			name = Debug;
		};
		A1173568297E63C6004338BA /* Release */ = {
			isa = XCBuildConfiguration;
			buildSettings = {
				ALWAYS_SEARCH_USER_PATHS = NO;
				CLANG_ANALYZER_NONNULL = YES;
				CLANG_ANALYZER_NUMBER_OBJECT_CONVERSION = YES_AGGRESSIVE;
				CLANG_CXX_LANGUAGE_STANDARD = "gnu++20";
				CLANG_ENABLE_MODULES = YES;
				CLANG_ENABLE_OBJC_ARC = YES;
				CLANG_ENABLE_OBJC_WEAK = YES;
				CLANG_WARN_BLOCK_CAPTURE_AUTORELEASING = YES;
				CLANG_WARN_BOOL_CONVERSION = YES;
				CLANG_WARN_COMMA = YES;
				CLANG_WARN_CONSTANT_CONVERSION = YES;
				CLANG_WARN_DEPRECATED_OBJC_IMPLEMENTATIONS = YES;
				CLANG_WARN_DIRECT_OBJC_ISA_USAGE = YES_ERROR;
				CLANG_WARN_DOCUMENTATION_COMMENTS = YES;
				CLANG_WARN_EMPTY_BODY = YES;
				CLANG_WARN_ENUM_CONVERSION = YES;
				CLANG_WARN_INFINITE_RECURSION = YES;
				CLANG_WARN_INT_CONVERSION = YES;
				CLANG_WARN_NON_LITERAL_NULL_CONVERSION = YES;
				CLANG_WARN_OBJC_IMPLICIT_RETAIN_SELF = YES;
				CLANG_WARN_OBJC_LITERAL_CONVERSION = YES;
				CLANG_WARN_OBJC_ROOT_CLASS = YES_ERROR;
				CLANG_WARN_QUOTED_INCLUDE_IN_FRAMEWORK_HEADER = YES;
				CLANG_WARN_RANGE_LOOP_ANALYSIS = YES;
				CLANG_WARN_STRICT_PROTOTYPES = YES;
				CLANG_WARN_SUSPICIOUS_MOVE = YES;
				CLANG_WARN_UNGUARDED_AVAILABILITY = YES_AGGRESSIVE;
				CLANG_WARN_UNREACHABLE_CODE = YES;
				CLANG_WARN__DUPLICATE_METHOD_MATCH = YES;
				COPY_PHASE_STRIP = NO;
				DEBUG_INFORMATION_FORMAT = "dwarf-with-dsym";
				ENABLE_NS_ASSERTIONS = NO;
				ENABLE_STRICT_OBJC_MSGSEND = YES;
				GCC_C_LANGUAGE_STANDARD = gnu11;
				GCC_NO_COMMON_BLOCKS = YES;
				GCC_WARN_64_TO_32_BIT_CONVERSION = YES;
				GCC_WARN_ABOUT_RETURN_TYPE = YES_ERROR;
				GCC_WARN_UNDECLARED_SELECTOR = YES;
				GCC_WARN_UNINITIALIZED_AUTOS = YES_AGGRESSIVE;
				GCC_WARN_UNUSED_FUNCTION = YES;
				GCC_WARN_UNUSED_VARIABLE = YES;
				IPHONEOS_DEPLOYMENT_TARGET = 16.2;
				MTL_ENABLE_DEBUG_INFO = NO;
				MTL_FAST_MATH = YES;
				SDKROOT = iphoneos;
				SWIFT_COMPILATION_MODE = wholemodule;
				SWIFT_OPTIMIZATION_LEVEL = "-O";
				VALIDATE_PRODUCT = YES;
			};
			name = Release;
		};
		A117356A297E63C6004338BA /* Debug */ = {
			isa = XCBuildConfiguration;
			buildSettings = {
				ASSETCATALOG_COMPILER_APPICON_NAME = AppIcon;
				ASSETCATALOG_COMPILER_GLOBAL_ACCENT_COLOR_NAME = AccentColor;
				CODE_SIGN_STYLE = Automatic;
				CURRENT_PROJECT_VERSION = 1;
				DEVELOPMENT_TEAM = T8V5YBM8TY;
				GENERATE_INFOPLIST_FILE = YES;
				INFOPLIST_FILE = CodeReview/Info.plist;
				INFOPLIST_KEY_UIApplicationSupportsIndirectInputEvents = YES;
				INFOPLIST_KEY_UILaunchStoryboardName = LaunchScreen;
				INFOPLIST_KEY_UIMainStoryboardFile = Introduction;
				INFOPLIST_KEY_UISupportedInterfaceOrientations_iPad = "UIInterfaceOrientationPortrait UIInterfaceOrientationPortraitUpsideDown UIInterfaceOrientationLandscapeLeft UIInterfaceOrientationLandscapeRight";
				INFOPLIST_KEY_UISupportedInterfaceOrientations_iPhone = "UIInterfaceOrientationPortrait UIInterfaceOrientationLandscapeLeft UIInterfaceOrientationLandscapeRight";
				LD_RUNPATH_SEARCH_PATHS = (
					"$(inherited)",
					"@executable_path/Frameworks",
				);
				MARKETING_VERSION = 1.0;
				PRODUCT_BUNDLE_IDENTIFIER = test.com.CodeReview;
				PRODUCT_NAME = "$(TARGET_NAME)";
				SWIFT_EMIT_LOC_STRINGS = YES;
				SWIFT_VERSION = 5.0;
				TARGETED_DEVICE_FAMILY = "1,2";
			};
			name = Debug;
		};
		A117356B297E63C6004338BA /* Release */ = {
			isa = XCBuildConfiguration;
			buildSettings = {
				ASSETCATALOG_COMPILER_APPICON_NAME = AppIcon;
				ASSETCATALOG_COMPILER_GLOBAL_ACCENT_COLOR_NAME = AccentColor;
				CODE_SIGN_STYLE = Automatic;
				CURRENT_PROJECT_VERSION = 1;
				DEVELOPMENT_TEAM = T8V5YBM8TY;
				GENERATE_INFOPLIST_FILE = YES;
				INFOPLIST_FILE = CodeReview/Info.plist;
				INFOPLIST_KEY_UIApplicationSupportsIndirectInputEvents = YES;
				INFOPLIST_KEY_UILaunchStoryboardName = LaunchScreen;
				INFOPLIST_KEY_UIMainStoryboardFile = Introduction;
				INFOPLIST_KEY_UISupportedInterfaceOrientations_iPad = "UIInterfaceOrientationPortrait UIInterfaceOrientationPortraitUpsideDown UIInterfaceOrientationLandscapeLeft UIInterfaceOrientationLandscapeRight";
				INFOPLIST_KEY_UISupportedInterfaceOrientations_iPhone = "UIInterfaceOrientationPortrait UIInterfaceOrientationLandscapeLeft UIInterfaceOrientationLandscapeRight";
				LD_RUNPATH_SEARCH_PATHS = (
					"$(inherited)",
					"@executable_path/Frameworks",
				);
				MARKETING_VERSION = 1.0;
				PRODUCT_BUNDLE_IDENTIFIER = test.com.CodeReview;
				PRODUCT_NAME = "$(TARGET_NAME)";
				SWIFT_EMIT_LOC_STRINGS = YES;
				SWIFT_VERSION = 5.0;
				TARGETED_DEVICE_FAMILY = "1,2";
			};
			name = Release;
		};
/* End XCBuildConfiguration section */

/* Begin XCConfigurationList section */
		A1173550297E63C5004338BA /* Build configuration list for PBXProject "CodeReview" */ = {
			isa = XCConfigurationList;
			buildConfigurations = (
				A1173567297E63C6004338BA /* Debug */,
				A1173568297E63C6004338BA /* Release */,
			);
			defaultConfigurationIsVisible = 0;
			defaultConfigurationName = Release;
		};
		A1173569297E63C6004338BA /* Build configuration list for PBXNativeTarget "CodeReview" */ = {
			isa = XCConfigurationList;
			buildConfigurations = (
				A117356A297E63C6004338BA /* Debug */,
				A117356B297E63C6004338BA /* Release */,
			);
			defaultConfigurationIsVisible = 0;
			defaultConfigurationName = Release;
		};
/* End XCConfigurationList section */
	};
	rootObject = A117354D297E63C5004338BA /* Project object */;
}
